
Microsoft Visual Studio Solution File, Format Version 12.00
# Visual Studio Version 16
VisualStudioVersion = 16.0.30517.126
MinimumVisualStudioVersion = 10.0.40219.1
Project("{FAE04EC0-301F-11D3-BF4B-00C04F79EFBC}") = "ExamPreparation", "ExamPreparation\ExamPreparation.csproj", "{C4808922-1B09-4621-A135-7AA12904BEE5}"
EndProject
Project("{FAE04EC0-301F-11D3-BF4B-00C04F79EFBC}") = "OperatingDb", "OperatingDb\OperatingDb.csproj", "{E9427919-F4A4-4B6C-8C85-7EB9A2496641}"
EndProject
Project("{FAE04EC0-301F-11D3-BF4B-00C04F79EFBC}") = "DAL", "DAL\DAL.csproj", "{436BAF65-367F-4F27-8A96-C2C95CCBFB1C}"
EndProject
Global
	GlobalSection(SolutionConfigurationPlatforms) = preSolution
		Debug|Any CPU = Debug|Any CPU
		Release|Any CPU = Release|Any CPU
	EndGlobalSection
	GlobalSection(ProjectConfigurationPlatforms) = postSolution
		{C4808922-1B09-4621-A135-7AA12904BEE5}.Debug|Any CPU.ActiveCfg = Debug|Any CPU
		{C4808922-1B09-4621-A135-7AA12904BEE5}.Debug|Any CPU.Build.0 = Debug|Any CPU
		{C4808922-1B09-4621-A135-7AA12904BEE5}.Release|Any CPU.ActiveCfg = Release|Any CPU
		{C4808922-1B09-4621-A135-7AA12904BEE5}.Release|Any CPU.Build.0 = Release|Any CPU
		{E9427919-F4A4-4B6C-8C85-7EB9A2496641}.Debug|Any CPU.ActiveCfg = Debug|Any CPU
		{E9427919-F4A4-4B6C-8C85-7EB9A2496641}.Debug|Any CPU.Build.0 = Debug|Any CPU
		{E9427919-F4A4-4B6C-8C85-7EB9A2496641}.Release|Any CPU.ActiveCfg = Release|Any CPU
		{E9427919-F4A4-4B6C-8C85-7EB9A2496641}.Release|Any CPU.Build.0 = Release|Any CPU
		{436BAF65-367F-4F27-8A96-C2C95CCBFB1C}.Debug|Any CPU.ActiveCfg = Debug|Any CPU
		{436BAF65-367F-4F27-8A96-C2C95CCBFB1C}.Debug|Any CPU.Build.0 = Debug|Any CPU
		{436BAF65-367F-4F27-8A96-C2C95CCBFB1C}.Release|Any CPU.ActiveCfg = Release|Any CPU
		{436BAF65-367F-4F27-8A96-C2C95CCBFB1C}.Release|Any CPU.Build.0 = Release|Any CPU
	EndGlobalSection
	GlobalSection(SolutionProperties) = preSolution
		HideSolutionNode = FALSE
	EndGlobalSection
	GlobalSection(ExtensibilityGlobals) = postSolution
		SolutionGuid = {D7365A75-A084-4D61-98EF-7B0A53486CD4}
	EndGlobalSection
EndGlobal
