
Microsoft Visual Studio Solution File, Format Version 12.00
# Visual Studio Version 16
VisualStudioVersion = 16.0.30517.126
MinimumVisualStudioVersion = 10.0.40219.1
Project("{FAE04EC0-301F-11D3-BF4B-00C04F79EFBC}") = "ExamPreparation", "ExamPreparation\ExamPreparation.csproj", "{C4808922-1B09-4621-A135-7AA12904BEE5}"
EndProject
Project("{FAE04EC0-301F-11D3-BF4B-00C04F79EFBC}") = "DAL", "DAL\DAL.csproj", "{513E6EBC-FBE5-4AA9-8208-60A4B0D65CC0}"
EndProject
Project("{FAE04EC0-301F-11D3-BF4B-00C04F79EFBC}") = "BLL", "BLL\BLL.csproj", "{59E9362B-B621-45F7-81EC-9D34579EE562}"
EndProject
Global
	GlobalSection(SolutionConfigurationPlatforms) = preSolution
		Debug|Any CPU = Debug|Any CPU
		Release|Any CPU = Release|Any CPU
	EndGlobalSection
	GlobalSection(ProjectConfigurationPlatforms) = postSolution
		{C4808922-1B09-4621-A135-7AA12904BEE5}.Debug|Any CPU.ActiveCfg = Debug|Any CPU
		{C4808922-1B09-4621-A135-7AA12904BEE5}.Debug|Any CPU.Build.0 = Debug|Any CPU
		{C4808922-1B09-4621-A135-7AA12904BEE5}.Release|Any CPU.ActiveCfg = Release|Any CPU
		{C4808922-1B09-4621-A135-7AA12904BEE5}.Release|Any CPU.Build.0 = Release|Any CPU
		{513E6EBC-FBE5-4AA9-8208-60A4B0D65CC0}.Debug|Any CPU.ActiveCfg = Debug|Any CPU
		{513E6EBC-FBE5-4AA9-8208-60A4B0D65CC0}.Debug|Any CPU.Build.0 = Debug|Any CPU
		{513E6EBC-FBE5-4AA9-8208-60A4B0D65CC0}.Release|Any CPU.ActiveCfg = Release|Any CPU
		{513E6EBC-FBE5-4AA9-8208-60A4B0D65CC0}.Release|Any CPU.Build.0 = Release|Any CPU
		{59E9362B-B621-45F7-81EC-9D34579EE562}.Debug|Any CPU.ActiveCfg = Debug|Any CPU
		{59E9362B-B621-45F7-81EC-9D34579EE562}.Debug|Any CPU.Build.0 = Debug|Any CPU
		{59E9362B-B621-45F7-81EC-9D34579EE562}.Release|Any CPU.ActiveCfg = Release|Any CPU
		{59E9362B-B621-45F7-81EC-9D34579EE562}.Release|Any CPU.Build.0 = Release|Any CPU
	EndGlobalSection
	GlobalSection(SolutionProperties) = preSolution
		HideSolutionNode = FALSE
	EndGlobalSection
	GlobalSection(ExtensibilityGlobals) = postSolution
		SolutionGuid = {D7365A75-A084-4D61-98EF-7B0A53486CD4}
	EndGlobalSection
EndGlobal
